
Microsoft Visual Studio Solution File, Format Version 12.00
# Visual Studio Version 17
VisualStudioVersion = 17.4.32912.340
MinimumVisualStudioVersion = 10.0.40219.1
Project("{888888A0-9F3D-457C-B088-3A5042F75D52}") = "OSSCore", "OSSCore.pyproj", "{6B5D79E8-764B-49D4-B28B-F3E4EE6D3FD4}"
EndProject
Global
	GlobalSection(SolutionConfigurationPlatforms) = preSolution
		Debug|Any CPU = Debug|Any CPU
		Release|Any CPU = Release|Any CPU
	EndGlobalSection
	GlobalSection(ProjectConfigurationPlatforms) = postSolution
		{6B5D79E8-764B-49D4-B28B-F3E4EE6D3FD4}.Debug|Any CPU.ActiveCfg = Debug|Any CPU
		{6B5D79E8-764B-49D4-B28B-F3E4EE6D3FD4}.Debug|Any CPU.Build.0 = Debug|Any CPU
		{6B5D79E8-764B-49D4-B28B-F3E4EE6D3FD4}.Release|Any CPU.ActiveCfg = Release|Any CPU
		{6B5D79E8-764B-49D4-B28B-F3E4EE6D3FD4}.Release|Any CPU.Build.0 = Release|Any CPU
	EndGlobalSection
	GlobalSection(SolutionProperties) = preSolution
		HideSolutionNode = FALSE
	EndGlobalSection
	GlobalSection(ExtensibilityGlobals) = postSolution
		SolutionGuid = {B8954FF8-8A38-4919-AD94-9D119E01C166}
	EndGlobalSection
EndGlobal
